{
    "_readme": [
        "This file locks the dependencies of your project to a known state",
        "Read more about it at http://getcomposer.org/doc/01-basic-usage.md#composer-lock-the-lock-file"
    ],
    "hash": "0533c9ff7ef0e75b7d3631beb26339b3",
    "packages": [
        {
            "name": "axy/backtrace",
            "version": "0.0.2",
            "source": {
                "type": "git",
                "url": "https://github.com/axypro/backtrace.git",
                "reference": "514731778a3ea793c4e0aeb9f9710b32b4c558a6"
            },
            "dist": {
                "type": "zip",
                "url": "https://api.github.com/repos/axypro/backtrace/zipball/514731778a3ea793c4e0aeb9f9710b32b4c558a6",
                "reference": "514731778a3ea793c4e0aeb9f9710b32b4c558a6",
                "shasum": ""
            },
            "require": {
                "php": ">=5.4.0"
            },
            "type": "library",
            "autoload": {
                "psr-4": {
                    "axy\\backtrace\\": ""
                }
            },
            "notification-url": "https://packagist.org/downloads/",
            "license": [
                "MIT"
            ],
            "authors": [
                {
                    "name": "Oleg Grigoriev",
                    "email": "go.vasac@gmail.com"
                }
            ],
            "description": "Tracing in PHP",
            "homepage": "https://github.com/axypro/backtrace",
            "keywords": [
                "Backtrace",
                "debug",
                "exception",
                "trace"
            ],
            "time": "2014-01-24 08:29:56"
        },
        {
            "name": "axy/callbacks",
            "version": "0.0.2",
            "source": {
                "type": "git",
                "url": "https://github.com/axypro/callbacks.git",
                "reference": "06dc46496ef2c19475745283c48cc6e515c8b804"
            },
            "dist": {
                "type": "zip",
                "url": "https://api.github.com/repos/axypro/callbacks/zipball/06dc46496ef2c19475745283c48cc6e515c8b804",
                "reference": "06dc46496ef2c19475745283c48cc6e515c8b804",
                "shasum": ""
            },
            "require": {
                "axy/errors": "~0.0.4",
                "php": ">=5.4.0"
            },
            "type": "library",
            "autoload": {
                "psr-4": {
                    "axy\\callbacks\\": ""
                }
            },
            "notification-url": "https://packagist.org/downloads/",
            "license": [
                "MIT"
            ],
            "authors": [
                {
                    "name": "Oleg Grigoriev",
                    "email": "go.vasac@gmail.com"
                }
            ],
            "description": "Extension of php-callback format",
            "homepage": "https://github.com/axypro/callbacks",
            "keywords": [
                "callback"
            ],
            "time": "2014-01-24 10:51:05"
        },
        {
            "name": "axy/errors",
            "version": "0.0.4",
            "source": {
                "type": "git",
                "url": "https://github.com/axypro/errors.git",
                "reference": "2667a582b1667088b302650b6f2f122979b6138c"
            },
            "dist": {
                "type": "zip",
                "url": "https://api.github.com/repos/axypro/errors/zipball/2667a582b1667088b302650b6f2f122979b6138c",
                "reference": "2667a582b1667088b302650b6f2f122979b6138c",
                "shasum": ""
            },
            "require": {
                "axy/backtrace": "~0.0.2",
                "php": ">=5.4.0"
            },
            "type": "library",
            "autoload": {
                "psr-4": {
                    "axy\\errors\\": ""
                }
            },
            "notification-url": "https://packagist.org/downloads/",
            "license": [
                "MIT"
            ],
            "authors": [
                {
                    "name": "Oleg Grigoriev",
                    "email": "go.vasac@gmail.com"
                }
            ],
            "description": "Exceptions in PHP",
            "homepage": "https://github.com/axypro/errors",
            "keywords": [
                "error",
                "exception"
            ],
            "time": "2014-01-24 10:28:45"
        },
        {
            "name": "axy/magic",
            "version": "0.1.4",
            "source": {
                "type": "git",
                "url": "https://github.com/axypro/magic.git",
                "reference": "3841b4485ccc29ae4ee971492f79e6dd28b13317"
            },
            "dist": {
                "type": "zip",
                "url": "https://api.github.com/repos/axypro/magic/zipball/3841b4485ccc29ae4ee971492f79e6dd28b13317",
                "reference": "3841b4485ccc29ae4ee971492f79e6dd28b13317",
                "shasum": ""
            },
            "require": {
                "axy/callbacks": "~0.0.2",
                "axy/errors": "~0.0.4",
                "php": ">=5.4.0"
            },
            "type": "library",
            "autoload": {
                "psr-4": {
                    "axy\\magic\\": ""
                }
            },
            "notification-url": "https://packagist.org/downloads/",
            "license": [
                "MIT"
            ],
            "authors": [
                {
                    "name": "Oleg Grigoriev",
                    "email": "go.vasac@gmail.com"
                }
            ],
            "description": "Work with magic fields",
            "homepage": "https://github.com/axypro/magic",
            "keywords": [
                "ArrayAccess",
                "Read-Only",
                "magic"
            ],
            "time": "2014-01-24 11:22:23"
        }
    ],
    "packages-dev": [

    ],
    "aliases": [

    ],
    "minimum-stability": "stable",
    "stability-flags": [

    ],
    "platform": {
        "php": ">=5.4.0"
    },
    "platform-dev": [

    ]
}
